
Microsoft Visual Studio Solution File, Format Version 12.00
# Visual Studio Version 16
VisualStudioVersion = 16.0.30907.101
MinimumVisualStudioVersion = 10.0.40219.1
Project("{FAE04EC0-301F-11D3-BF4B-00C04F79EFBC}") = "WEB_paises", "WEB_paises\WEB_paises.csproj", "{3DA83434-921D-42EA-95AB-141B7D0C6B34}"
EndProject
Project("{FAE04EC0-301F-11D3-BF4B-00C04F79EFBC}") = "WEB_paises.Tests", "WEB_paises.Tests\WEB_paises.Tests.csproj", "{FB22BE04-2619-47A5-A1E1-924E9BE9517E}"
EndProject
Global
	GlobalSection(SolutionConfigurationPlatforms) = preSolution
		Debug|Any CPU = Debug|Any CPU
		Release|Any CPU = Release|Any CPU
	EndGlobalSection
	GlobalSection(ProjectConfigurationPlatforms) = postSolution
		{3DA83434-921D-42EA-95AB-141B7D0C6B34}.Debug|Any CPU.ActiveCfg = Debug|Any CPU
		{3DA83434-921D-42EA-95AB-141B7D0C6B34}.Debug|Any CPU.Build.0 = Debug|Any CPU
		{3DA83434-921D-42EA-95AB-141B7D0C6B34}.Release|Any CPU.ActiveCfg = Release|Any CPU
		{3DA83434-921D-42EA-95AB-141B7D0C6B34}.Release|Any CPU.Build.0 = Release|Any CPU
		{FB22BE04-2619-47A5-A1E1-924E9BE9517E}.Debug|Any CPU.ActiveCfg = Debug|Any CPU
		{FB22BE04-2619-47A5-A1E1-924E9BE9517E}.Debug|Any CPU.Build.0 = Debug|Any CPU
		{FB22BE04-2619-47A5-A1E1-924E9BE9517E}.Release|Any CPU.ActiveCfg = Release|Any CPU
		{FB22BE04-2619-47A5-A1E1-924E9BE9517E}.Release|Any CPU.Build.0 = Release|Any CPU
	EndGlobalSection
	GlobalSection(SolutionProperties) = preSolution
		HideSolutionNode = FALSE
	EndGlobalSection
	GlobalSection(ExtensibilityGlobals) = postSolution
		SolutionGuid = {42F961BD-73DD-44FF-99A5-D9AB5B26542D}
	EndGlobalSection
EndGlobal
